
Microsoft Visual Studio Solution File, Format Version 12.00
# Visual Studio Version 16
VisualStudioVersion = 16.0.32510.428
MinimumVisualStudioVersion = 10.0.40219.1
Project("{FAE04EC0-301F-11D3-BF4B-00C04F79EFBC}") = "MariGuloseimas", "MariGuloseimas\MariGuloseimas.csproj", "{F045FA95-D685-473E-BA80-8FC959C56430}"
EndProject
Global
	GlobalSection(SolutionConfigurationPlatforms) = preSolution
		Debug|Any CPU = Debug|Any CPU
		Release|Any CPU = Release|Any CPU
	EndGlobalSection
	GlobalSection(ProjectConfigurationPlatforms) = postSolution
		{F045FA95-D685-473E-BA80-8FC959C56430}.Debug|Any CPU.ActiveCfg = Debug|Any CPU
		{F045FA95-D685-473E-BA80-8FC959C56430}.Debug|Any CPU.Build.0 = Debug|Any CPU
		{F045FA95-D685-473E-BA80-8FC959C56430}.Release|Any CPU.ActiveCfg = Release|Any CPU
		{F045FA95-D685-473E-BA80-8FC959C56430}.Release|Any CPU.Build.0 = Release|Any CPU
	EndGlobalSection
	GlobalSection(SolutionProperties) = preSolution
		HideSolutionNode = FALSE
	EndGlobalSection
	GlobalSection(ExtensibilityGlobals) = postSolution
		SolutionGuid = {30DA24CE-2CFF-49E2-BACD-89AE37A5EDBE}
	EndGlobalSection
EndGlobal
